
Microsoft Visual Studio Solution File, Format Version 12.00
# Visual Studio Version 17
VisualStudioVersion = 17.8.34309.116
MinimumVisualStudioVersion = 10.0.40219.1
Project("{FAE04EC0-301F-11D3-BF4B-00C04F79EFBC}") = "Mwc.Web", "Mwc.Web\Mwc.Web.csproj", "{1236C87A-1150-4B07-9345-3987DBE0C649}"
EndProject
Project("{FAE04EC0-301F-11D3-BF4B-00C04F79EFBC}") = "Mwc.Core", "Mwc.Core\Mwc.Core.csproj", "{9078D32F-7DF1-44AE-8910-18938DD21D0C}"
EndProject
Global
	GlobalSection(SolutionConfigurationPlatforms) = preSolution
		Debug|Any CPU = Debug|Any CPU
		Release|Any CPU = Release|Any CPU
	EndGlobalSection
	GlobalSection(ProjectConfigurationPlatforms) = postSolution
		{1236C87A-1150-4B07-9345-3987DBE0C649}.Debug|Any CPU.ActiveCfg = Debug|Any CPU
		{1236C87A-1150-4B07-9345-3987DBE0C649}.Debug|Any CPU.Build.0 = Debug|Any CPU
		{1236C87A-1150-4B07-9345-3987DBE0C649}.Release|Any CPU.ActiveCfg = Release|Any CPU
		{1236C87A-1150-4B07-9345-3987DBE0C649}.Release|Any CPU.Build.0 = Release|Any CPU
		{9078D32F-7DF1-44AE-8910-18938DD21D0C}.Debug|Any CPU.ActiveCfg = Debug|Any CPU
		{9078D32F-7DF1-44AE-8910-18938DD21D0C}.Debug|Any CPU.Build.0 = Debug|Any CPU
		{9078D32F-7DF1-44AE-8910-18938DD21D0C}.Release|Any CPU.ActiveCfg = Release|Any CPU
		{9078D32F-7DF1-44AE-8910-18938DD21D0C}.Release|Any CPU.Build.0 = Release|Any CPU
	EndGlobalSection
	GlobalSection(SolutionProperties) = preSolution
		HideSolutionNode = FALSE
	EndGlobalSection
	GlobalSection(ExtensibilityGlobals) = postSolution
		SolutionGuid = {1E320B15-383E-4790-9C46-9AEBBD7BE7BB}
	EndGlobalSection
EndGlobal
